# This file is generated by running "yarn install" inside your project.
# Manual changes might be lost - proceed with caution!

__metadata:
  version: 6
  cacheKey: 8

"@types/node@npm:^20.1.5":
  version: 20.1.5
  resolution: "@types/node@npm:20.1.5"
  checksum: 0d073ed7b9cc51e2354dcf3a8ccca84d08c7d513fa8fac9462cabc164435b30f2ad296e9f2f911e6ce72da837b704f1075379be84a93bb24f76d328a2d9e8561
  languageName: node
  linkType: hard

"asynckit@npm:^0.4.0":
  version: 0.4.0
  resolution: "asynckit@npm:0.4.0"
  checksum: 7b78c451df768adba04e2d02e63e2d0bf3b07adcd6e42b4cf665cb7ce899bedd344c69a1dcbce355b5f972d597b25aaa1c1742b52cffd9caccb22f348114f6be
  languageName: node
  linkType: hard

"axios@npm:^0.27.0":
  version: 0.27.2
  resolution: "axios@npm:0.27.2"
  dependencies:
    follow-redirects: ^1.14.9
    form-data: ^4.0.0
  checksum: 38cb7540465fe8c4102850c4368053c21683af85c5fdf0ea619f9628abbcb59415d1e22ebc8a6390d2bbc9b58a9806c874f139767389c862ec9b772235f06854
  languageName: node
  linkType: hard

"combined-stream@npm:^1.0.8":
  version: 1.0.8
  resolution: "combined-stream@npm:1.0.8"
  dependencies:
    delayed-stream: ~1.0.0
  checksum: 49fa4aeb4916567e33ea81d088f6584749fc90c7abec76fd516bf1c5aa5c79f3584b5ba3de6b86d26ddd64bae5329c4c7479343250cfe71c75bb366eae53bb7c
  languageName: node
  linkType: hard

"delayed-stream@npm:~1.0.0":
  version: 1.0.0
  resolution: "delayed-stream@npm:1.0.0"
  checksum: 46fe6e83e2cb1d85ba50bd52803c68be9bd953282fa7096f51fc29edd5d67ff84ff753c51966061e5ba7cb5e47ef6d36a91924eddb7f3f3483b1c560f77a0020
  languageName: node
  linkType: hard

"follow-redirects@npm:^1.14.9":
  version: 1.15.2
  resolution: "follow-redirects@npm:1.15.2"
  peerDependenciesMeta:
    debug:
      optional: true
  checksum: faa66059b66358ba65c234c2f2a37fcec029dc22775f35d9ad6abac56003268baf41e55f9ee645957b32c7d9f62baf1f0b906e68267276f54ec4b4c597c2b190
  languageName: node
  linkType: hard

"form-data@npm:^4.0.0":
  version: 4.0.0
  resolution: "form-data@npm:4.0.0"
  dependencies:
    asynckit: ^0.4.0
    combined-stream: ^1.0.8
    mime-types: ^2.1.12
  checksum: 01135bf8675f9d5c61ff18e2e2932f719ca4de964e3be90ef4c36aacfc7b9cb2fceb5eca0b7e0190e3383fe51c5b37f4cb80b62ca06a99aaabfcfd6ac7c9328c
  languageName: node
  linkType: hard

"jssha@npm:3.2.0":
  version: 3.2.0
  resolution: "jssha@npm:3.2.0"
  checksum: 2adb8a9a57a79360379e843c0548e240d072c2ef12aef39ef6a784315686bd6f65501e9353fdd2f3a604f64af07e7eab04a0ed92b221cdfea97d671d7b8e14f4
  languageName: node
  linkType: hard

"mime-db@npm:1.52.0":
  version: 1.52.0
  resolution: "mime-db@npm:1.52.0"
  checksum: 0d99a03585f8b39d68182803b12ac601d9c01abfa28ec56204fa330bc9f3d1c5e14beb049bafadb3dbdf646dfb94b87e24d4ec7b31b7279ef906a8ea9b6a513f
  languageName: node
  linkType: hard

"mime-types@npm:^2.1.12":
  version: 2.1.35
  resolution: "mime-types@npm:2.1.35"
  dependencies:
    mime-db: 1.52.0
  checksum: 89a5b7f1def9f3af5dad6496c5ed50191ae4331cc5389d7c521c8ad28d5fdad2d06fd81baf38fed813dc4e46bb55c8145bb0ff406330818c9cf712fb2e9b3836
  languageName: node
  linkType: hard

"symbol.inspect@npm:1.0.1":
  version: 1.0.1
  resolution: "symbol.inspect@npm:1.0.1"
  checksum: 47fa8d38d0bc5d04c06df2f71bba1a723ee0e015ca042c47b29c11f107877dd1a2e2d2154c9ef5eec11e92e4165d126c844f06d05da80e477581c8f284f05fdf
  languageName: node
  linkType: hard

"ton-core@npm:^0.49.1":
  version: 0.49.1
  resolution: "ton-core@npm:0.49.1"
  dependencies:
    symbol.inspect: 1.0.1
  peerDependencies:
    ton-crypto: ">=3.2.0"
  checksum: 88e0f73411cf46f45ea61cc780c347ad2d7d903b22a3f07f8615e8b0d1fa52749329208567ac18afe68d89d7a48abedca46958d679bab87527d3209585703f2d
  languageName: node
  linkType: hard

"ton-crypto-primitives@npm:2.0.0":
  version: 2.0.0
  resolution: "ton-crypto-primitives@npm:2.0.0"
  dependencies:
    jssha: 3.2.0
  checksum: a81e5e7f1e44a2f32c519d6a9c3512c047b837be2f90a4e5aa226378b330ec6f9d36c1937a21b947eb792ae819c6906cfbd5b5eeab891f9df486d570141fc749
  languageName: node
  linkType: hard

"ton-crypto@npm:^3.2.0":
  version: 3.2.0
  resolution: "ton-crypto@npm:3.2.0"
  dependencies:
    jssha: 3.2.0
    ton-crypto-primitives: 2.0.0
    tweetnacl: 1.0.3
  checksum: 5c4b077ce36f6d6583c6fee91be45ba88024cfb17927d2da8fce355f226dba559ba5dc91ee508b205c537d6dd6a34bfea17a26c2656ef80bd72f64d1a2604c45
  languageName: node
  linkType: hard

"ton-x@workspace:.":
  version: 0.0.0-use.local
  resolution: "ton-x@workspace:."
  dependencies:
    "@types/node": ^20.1.5
    axios: ^0.27.0
    ton-core: ^0.49.1
    ton-crypto: ^3.2.0
    typescript: ^4.6.3
  peerDependencies:
    ton-core: ^0.47.0
    ton-crypto: "*"
  languageName: unknown
  linkType: soft

"tweetnacl@npm:1.0.3":
  version: 1.0.3
  resolution: "tweetnacl@npm:1.0.3"
  checksum: e4a57cac188f0c53f24c7a33279e223618a2bfb5fea426231991652a13247bea06b081fd745d71291fcae0f4428d29beba1b984b1f1ce6f66b06a6d1ab90645c
  languageName: node
  linkType: hard

"typescript@npm:^4.6.3":
  version: 4.9.4
  resolution: "typescript@npm:4.9.4"
  bin:
    tsc: bin/tsc
    tsserver: bin/tsserver
  checksum: e782fb9e0031cb258a80000f6c13530288c6d63f1177ed43f770533fdc15740d271554cdae86701c1dd2c83b082cea808b07e97fd68b38a172a83dbf9e0d0ef9
  languageName: node
  linkType: hard

"typescript@patch:typescript@^4.6.3#~builtin<compat/typescript>":
  version: 4.9.4
  resolution: "typescript@patch:typescript@npm%3A4.9.4#~builtin<compat/typescript>::version=4.9.4&hash=289587"
  bin:
    tsc: bin/tsc
    tsserver: bin/tsserver
  checksum: 2160f7ad975c59b2f5816817d3916be1d156c5688a7517602b3b640c5015e740f4ba933996ac85371d68f7bbdd41602150fb8b68334122ac637fdb5418085e7a
  languageName: node
  linkType: hard
